// !$*UTF8*$!
{
	archiveVersion = 1;
	classes = {
	};
	objectVersion = 50;
	objects = {

/* Begin PBXBuildFile section */
		8E1CD55D2534721100A1C0BC /* VcView.swift in Sources */ = {isa = PBXBuildFile; fileRef = 8E1CD55C2534721100A1C0BC /* VcView.swift */; };
		8E59161525336A5900651C6F /* StimaApp.swift in Sources */ = {isa = PBXBuildFile; fileRef = 8E59161425336A5900651C6F /* StimaApp.swift */; };
		8E59161725336A5900651C6F /* ContentView.swift in Sources */ = {isa = PBXBuildFile; fileRef = 8E59161625336A5900651C6F /* ContentView.swift */; };
		8E59161925336A5C00651C6F /* Assets.xcassets in Resources */ = {isa = PBXBuildFile; fileRef = 8E59161825336A5C00651C6F /* Assets.xcassets */; };
		8E59161C25336A5C00651C6F /* Preview Assets.xcassets in Resources */ = {isa = PBXBuildFile; fileRef = 8E59161B25336A5C00651C6F /* Preview Assets.xcassets */; };
		8E59162725336A5D00651C6F /* StimaTests.swift in Sources */ = {isa = PBXBuildFile; fileRef = 8E59162625336A5D00651C6F /* StimaTests.swift */; };
		8E59163225336A5D00651C6F /* StimaUITests.swift in Sources */ = {isa = PBXBuildFile; fileRef = 8E59163125336A5D00651C6F /* StimaUITests.swift */; };
		8EB513632533930A006B3BEB /* HouseImage.swift in Sources */ = {isa = PBXBuildFile; fileRef = 8EB513622533930A006B3BEB /* HouseImage.swift */; };
		8EEABE82253830A900F559B7 /* VC2.swift in Sources */ = {isa = PBXBuildFile; fileRef = 8EEABE81253830A900F559B7 /* VC2.swift */; };
		8EEF1B62253442A40076C6C8 /* StartValueView.swift in Sources */ = {isa = PBXBuildFile; fileRef = 8EEF1B61253442A40076C6C8 /* StartValueView.swift */; };
/* End PBXBuildFile section */

/* Begin PBXContainerItemProxy section */
		8E59162325336A5D00651C6F /* PBXContainerItemProxy */ = {
			isa = PBXContainerItemProxy;
			containerPortal = 8E59160925336A5900651C6F /* Project object */;
			proxyType = 1;
			remoteGlobalIDString = 8E59161025336A5900651C6F;
			remoteInfo = Stima;
		};
		8E59162E25336A5D00651C6F /* PBXContainerItemProxy */ = {
			isa = PBXContainerItemProxy;
			containerPortal = 8E59160925336A5900651C6F /* Project object */;
			proxyType = 1;
			remoteGlobalIDString = 8E59161025336A5900651C6F;
			remoteInfo = Stima;
		};
/* End PBXContainerItemProxy section */

/* Begin PBXFileReference section */
		8E1CD55C2534721100A1C0BC /* VcView.swift */ = {isa = PBXFileReference; lastKnownFileType = sourcecode.swift; path = VcView.swift; sourceTree = "<group>"; };
		8E59161125336A5900651C6F /* Stima.app */ = {isa = PBXFileReference; explicitFileType = wrapper.application; includeInIndex = 0; path = Stima.app; sourceTree = BUILT_PRODUCTS_DIR; };
		8E59161425336A5900651C6F /* StimaApp.swift */ = {isa = PBXFileReference; lastKnownFileType = sourcecode.swift; path = StimaApp.swift; sourceTree = "<group>"; };
		8E59161625336A5900651C6F /* ContentView.swift */ = {isa = PBXFileReference; lastKnownFileType = sourcecode.swift; path = ContentView.swift; sourceTree = "<group>"; };
		8E59161825336A5C00651C6F /* Assets.xcassets */ = {isa = PBXFileReference; lastKnownFileType = folder.assetcatalog; path = Assets.xcassets; sourceTree = "<group>"; };
		8E59161B25336A5C00651C6F /* Preview Assets.xcassets */ = {isa = PBXFileReference; lastKnownFileType = folder.assetcatalog; path = "Preview Assets.xcassets"; sourceTree = "<group>"; };
		8E59161D25336A5C00651C6F /* Info.plist */ = {isa = PBXFileReference; lastKnownFileType = text.plist.xml; path = Info.plist; sourceTree = "<group>"; };
		8E59162225336A5D00651C6F /* StimaTests.xctest */ = {isa = PBXFileReference; explicitFileType = wrapper.cfbundle; includeInIndex = 0; path = StimaTests.xctest; sourceTree = BUILT_PRODUCTS_DIR; };
		8E59162625336A5D00651C6F /* StimaTests.swift */ = {isa = PBXFileReference; lastKnownFileType = sourcecode.swift; path = StimaTests.swift; sourceTree = "<group>"; };
		8E59162825336A5D00651C6F /* Info.plist */ = {isa = PBXFileReference; lastKnownFileType = text.plist.xml; path = Info.plist; sourceTree = "<group>"; };
		8E59162D25336A5D00651C6F /* StimaUITests.xctest */ = {isa = PBXFileReference; explicitFileType = wrapper.cfbundle; includeInIndex = 0; path = StimaUITests.xctest; sourceTree = BUILT_PRODUCTS_DIR; };
		8E59163125336A5D00651C6F /* StimaUITests.swift */ = {isa = PBXFileReference; lastKnownFileType = sourcecode.swift; path = StimaUITests.swift; sourceTree = "<group>"; };
		8E59163325336A5D00651C6F /* Info.plist */ = {isa = PBXFileReference; lastKnownFileType = text.plist.xml; path = Info.plist; sourceTree = "<group>"; };
		8EB513622533930A006B3BEB /* HouseImage.swift */ = {isa = PBXFileReference; lastKnownFileType = sourcecode.swift; path = HouseImage.swift; sourceTree = "<group>"; };
		8EEABE81253830A900F559B7 /* VC2.swift */ = {isa = PBXFileReference; lastKnownFileType = sourcecode.swift; path = VC2.swift; sourceTree = "<group>"; };
		8EEF1B61253442A40076C6C8 /* StartValueView.swift */ = {isa = PBXFileReference; lastKnownFileType = sourcecode.swift; path = StartValueView.swift; sourceTree = "<group>"; };
/* End PBXFileReference section */

/* Begin PBXFrameworksBuildPhase section */
		8E59160E25336A5900651C6F /* Frameworks */ = {
			isa = PBXFrameworksBuildPhase;
			buildActionMask = 2147483647;
			files = (
			);
			runOnlyForDeploymentPostprocessing = 0;
		};
		8E59161F25336A5D00651C6F /* Frameworks */ = {
			isa = PBXFrameworksBuildPhase;
			buildActionMask = 2147483647;
			files = (
			);
			runOnlyForDeploymentPostprocessing = 0;
		};
		8E59162A25336A5D00651C6F /* Frameworks */ = {
			isa = PBXFrameworksBuildPhase;
			buildActionMask = 2147483647;
			files = (
			);
			runOnlyForDeploymentPostprocessing = 0;
		};
/* End PBXFrameworksBuildPhase section */

/* Begin PBXGroup section */
		8E59160825336A5900651C6F = {
			isa = PBXGroup;
			children = (
				8E59161325336A5900651C6F /* Stima */,
				8E59162525336A5D00651C6F /* StimaTests */,
				8E59163025336A5D00651C6F /* StimaUITests */,
				8E59161225336A5900651C6F /* Products */,
			);
			sourceTree = "<group>";
		};
		8E59161225336A5900651C6F /* Products */ = {
			isa = PBXGroup;
			children = (
				8E59161125336A5900651C6F /* Stima.app */,
				8E59162225336A5D00651C6F /* StimaTests.xctest */,
				8E59162D25336A5D00651C6F /* StimaUITests.xctest */,
			);
			name = Products;
			sourceTree = "<group>";
		};
		8E59161325336A5900651C6F /* Stima */ = {
			isa = PBXGroup;
			children = (
				8E59161425336A5900651C6F /* StimaApp.swift */,
				8EB513622533930A006B3BEB /* HouseImage.swift */,
				8E59161625336A5900651C6F /* ContentView.swift */,
				8EEF1B61253442A40076C6C8 /* StartValueView.swift */,
				8E1CD55C2534721100A1C0BC /* VcView.swift */,
				8EEABE81253830A900F559B7 /* VC2.swift */,
				8E59161825336A5C00651C6F /* Assets.xcassets */,
				8E59161D25336A5C00651C6F /* Info.plist */,
				8E59161A25336A5C00651C6F /* Preview Content */,
			);
			path = Stima;
			sourceTree = "<group>";
		};
		8E59161A25336A5C00651C6F /* Preview Content */ = {
			isa = PBXGroup;
			children = (
				8E59161B25336A5C00651C6F /* Preview Assets.xcassets */,
			);
			path = "Preview Content";
			sourceTree = "<group>";
		};
		8E59162525336A5D00651C6F /* StimaTests */ = {
			isa = PBXGroup;
			children = (
				8E59162625336A5D00651C6F /* StimaTests.swift */,
				8E59162825336A5D00651C6F /* Info.plist */,
			);
			path = StimaTests;
			sourceTree = "<group>";
		};
		8E59163025336A5D00651C6F /* StimaUITests */ = {
			isa = PBXGroup;
			children = (
				8E59163125336A5D00651C6F /* StimaUITests.swift */,
				8E59163325336A5D00651C6F /* Info.plist */,
			);
			path = StimaUITests;
			sourceTree = "<group>";
		};
/* End PBXGroup section */

/* Begin PBXNativeTarget section */
		8E59161025336A5900651C6F /* Stima */ = {
			isa = PBXNativeTarget;
			buildConfigurationList = 8E59163625336A5D00651C6F /* Build configuration list for PBXNativeTarget "Stima" */;
			buildPhases = (
				8E59160D25336A5900651C6F /* Sources */,
				8E59160E25336A5900651C6F /* Frameworks */,
				8E59160F25336A5900651C6F /* Resources */,
			);
			buildRules = (
			);
			dependencies = (
			);
			name = Stima;
			productName = Stima;
			productReference = 8E59161125336A5900651C6F /* Stima.app */;
			productType = "com.apple.product-type.application";
		};
		8E59162125336A5D00651C6F /* StimaTests */ = {
			isa = PBXNativeTarget;
			buildConfigurationList = 8E59163925336A5D00651C6F /* Build configuration list for PBXNativeTarget "StimaTests" */;
			buildPhases = (
				8E59161E25336A5D00651C6F /* Sources */,
				8E59161F25336A5D00651C6F /* Frameworks */,
				8E59162025336A5D00651C6F /* Resources */,
			);
			buildRules = (
			);
			dependencies = (
				8E59162425336A5D00651C6F /* PBXTargetDependency */,
			);
			name = StimaTests;
			productName = StimaTests;
			productReference = 8E59162225336A5D00651C6F /* StimaTests.xctest */;
			productType = "com.apple.product-type.bundle.unit-test";
		};
		8E59162C25336A5D00651C6F /* StimaUITests */ = {
			isa = PBXNativeTarget;
			buildConfigurationList = 8E59163C25336A5D00651C6F /* Build configuration list for PBXNativeTarget "StimaUITests" */;
			buildPhases = (
				8E59162925336A5D00651C6F /* Sources */,
				8E59162A25336A5D00651C6F /* Frameworks */,
				8E59162B25336A5D00651C6F /* Resources */,
			);
			buildRules = (
			);
			dependencies = (
				8E59162F25336A5D00651C6F /* PBXTargetDependency */,
			);
			name = StimaUITests;
			productName = StimaUITests;
			productReference = 8E59162D25336A5D00651C6F /* StimaUITests.xctest */;
			productType = "com.apple.product-type.bundle.ui-testing";
		};
/* End PBXNativeTarget section */

/* Begin PBXProject section */
		8E59160925336A5900651C6F /* Project object */ = {
			isa = PBXProject;
			attributes = {
				LastSwiftUpdateCheck = 1200;
				LastUpgradeCheck = 1200;
				TargetAttributes = {
					8E59161025336A5900651C6F = {
						CreatedOnToolsVersion = 12.0;
					};
					8E59162125336A5D00651C6F = {
						CreatedOnToolsVersion = 12.0;
						TestTargetID = 8E59161025336A5900651C6F;
					};
					8E59162C25336A5D00651C6F = {
						CreatedOnToolsVersion = 12.0;
						TestTargetID = 8E59161025336A5900651C6F;
					};
				};
			};
			buildConfigurationList = 8E59160C25336A5900651C6F /* Build configuration list for PBXProject "Stima" */;
			compatibilityVersion = "Xcode 9.3";
			developmentRegion = en;
			hasScannedForEncodings = 0;
			knownRegions = (
				en,
				Base,
			);
			mainGroup = 8E59160825336A5900651C6F;
			productRefGroup = 8E59161225336A5900651C6F /* Products */;
			projectDirPath = "";
			projectRoot = "";
			targets = (
				8E59161025336A5900651C6F /* Stima */,
				8E59162125336A5D00651C6F /* StimaTests */,
				8E59162C25336A5D00651C6F /* StimaUITests */,
			);
		};
/* End PBXProject section */

/* Begin PBXResourcesBuildPhase section */
		8E59160F25336A5900651C6F /* Resources */ = {
			isa = PBXResourcesBuildPhase;
			buildActionMask = 2147483647;
			files = (
				8E59161C25336A5C00651C6F /* Preview Assets.xcassets in Resources */,
				8E59161925336A5C00651C6F /* Assets.xcassets in Resources */,
			);
			runOnlyForDeploymentPostprocessing = 0;
		};
		8E59162025336A5D00651C6F /* Resources */ = {
			isa = PBXResourcesBuildPhase;
			buildActionMask = 2147483647;
			files = (
			);
			runOnlyForDeploymentPostprocessing = 0;
		};
		8E59162B25336A5D00651C6F /* Resources */ = {
			isa = PBXResourcesBuildPhase;
			buildActionMask = 2147483647;
			files = (
			);
			runOnlyForDeploymentPostprocessing = 0;
		};
/* End PBXResourcesBuildPhase section */

/* Begin PBXSourcesBuildPhase section */
		8E59160D25336A5900651C6F /* Sources */ = {
			isa = PBXSourcesBuildPhase;
			buildActionMask = 2147483647;
			files = (
				8E59161725336A5900651C6F /* ContentView.swift in Sources */,
				8EEF1B62253442A40076C6C8 /* StartValueView.swift in Sources */,
				8EB513632533930A006B3BEB /* HouseImage.swift in Sources */,
				8EEABE82253830A900F559B7 /* VC2.swift in Sources */,
				8E59161525336A5900651C6F /* StimaApp.swift in Sources */,
				8E1CD55D2534721100A1C0BC /* VcView.swift in Sources */,
			);
			runOnlyForDeploymentPostprocessing = 0;
		};
		8E59161E25336A5D00651C6F /* Sources */ = {
			isa = PBXSourcesBuildPhase;
			buildActionMask = 2147483647;
			files = (
				8E59162725336A5D00651C6F /* StimaTests.swift in Sources */,
			);
			runOnlyForDeploymentPostprocessing = 0;
		};
		8E59162925336A5D00651C6F /* Sources */ = {
			isa = PBXSourcesBuildPhase;
			buildActionMask = 2147483647;
			files = (
				8E59163225336A5D00651C6F /* StimaUITests.swift in Sources */,
			);
			runOnlyForDeploymentPostprocessing = 0;
		};
/* End PBXSourcesBuildPhase section */

/* Begin PBXTargetDependency section */
		8E59162425336A5D00651C6F /* PBXTargetDependency */ = {
			isa = PBXTargetDependency;
			target = 8E59161025336A5900651C6F /* Stima */;
			targetProxy = 8E59162325336A5D00651C6F /* PBXContainerItemProxy */;
		};
		8E59162F25336A5D00651C6F /* PBXTargetDependency */ = {
			isa = PBXTargetDependency;
			target = 8E59161025336A5900651C6F /* Stima */;
			targetProxy = 8E59162E25336A5D00651C6F /* PBXContainerItemProxy */;
		};
/* End PBXTargetDependency section */

/* Begin XCBuildConfiguration section */
		8E59163425336A5D00651C6F /* Debug */ = {
			isa = XCBuildConfiguration;
			buildSettings = {
				ALWAYS_SEARCH_USER_PATHS = NO;
				CLANG_ANALYZER_NONNULL = YES;
				CLANG_ANALYZER_NUMBER_OBJECT_CONVERSION = YES_AGGRESSIVE;
				CLANG_CXX_LANGUAGE_STANDARD = "gnu++14";
				CLANG_CXX_LIBRARY = "libc++";
				CLANG_ENABLE_MODULES = YES;
				CLANG_ENABLE_OBJC_ARC = YES;
				CLANG_ENABLE_OBJC_WEAK = YES;
				CLANG_WARN_BLOCK_CAPTURE_AUTORELEASING = YES;
				CLANG_WARN_BOOL_CONVERSION = YES;
				CLANG_WARN_COMMA = YES;
				CLANG_WARN_CONSTANT_CONVERSION = YES;
				CLANG_WARN_DEPRECATED_OBJC_IMPLEMENTATIONS = YES;
				CLANG_WARN_DIRECT_OBJC_ISA_USAGE = YES_ERROR;
				CLANG_WARN_DOCUMENTATION_COMMENTS = YES;
				CLANG_WARN_EMPTY_BODY = YES;
				CLANG_WARN_ENUM_CONVERSION = YES;
				CLANG_WARN_INFINITE_RECURSION = YES;
				CLANG_WARN_INT_CONVERSION = YES;
				CLANG_WARN_NON_LITERAL_NULL_CONVERSION = YES;
				CLANG_WARN_OBJC_IMPLICIT_RETAIN_SELF = YES;
				CLANG_WARN_OBJC_LITERAL_CONVERSION = YES;
				CLANG_WARN_OBJC_ROOT_CLASS = YES_ERROR;
				CLANG_WARN_QUOTED_INCLUDE_IN_FRAMEWORK_HEADER = YES;
				CLANG_WARN_RANGE_LOOP_ANALYSIS = YES;
				CLANG_WARN_STRICT_PROTOTYPES = YES;
				CLANG_WARN_SUSPICIOUS_MOVE = YES;
				CLANG_WARN_UNGUARDED_AVAILABILITY = YES_AGGRESSIVE;
				CLANG_WARN_UNREACHABLE_CODE = YES;
				CLANG_WARN__DUPLICATE_METHOD_MATCH = YES;
				COPY_PHASE_STRIP = NO;
				DEBUG_INFORMATION_FORMAT = dwarf;
				ENABLE_STRICT_OBJC_MSGSEND = YES;
				ENABLE_TESTABILITY = YES;
				GCC_C_LANGUAGE_STANDARD = gnu11;
				GCC_DYNAMIC_NO_PIC = NO;
				GCC_NO_COMMON_BLOCKS = YES;
				GCC_OPTIMIZATION_LEVEL = 0;
				GCC_PREPROCESSOR_DEFINITIONS = (
					"DEBUG=1",
					"$(inherited)",
				);
				GCC_WARN_64_TO_32_BIT_CONVERSION = YES;
				GCC_WARN_ABOUT_RETURN_TYPE = YES_ERROR;
				GCC_WARN_UNDECLARED_SELECTOR = YES;
				GCC_WARN_UNINITIALIZED_AUTOS = YES_AGGRESSIVE;
				GCC_WARN_UNUSED_FUNCTION = YES;
				GCC_WARN_UNUSED_VARIABLE = YES;
				IPHONEOS_DEPLOYMENT_TARGET = 14.0;
				MTL_ENABLE_DEBUG_INFO = INCLUDE_SOURCE;
				MTL_FAST_MATH = YES;
				ONLY_ACTIVE_ARCH = YES;
				SDKROOT = iphoneos;
				SWIFT_ACTIVE_COMPILATION_CONDITIONS = DEBUG;
				SWIFT_OPTIMIZATION_LEVEL = "-Onone";
			};
			name = Debug;
		};
		8E59163525336A5D00651C6F /* Release */ = {
			isa = XCBuildConfiguration;
			buildSettings = {
				ALWAYS_SEARCH_USER_PATHS = NO;
				CLANG_ANALYZER_NONNULL = YES;
				CLANG_ANALYZER_NUMBER_OBJECT_CONVERSION = YES_AGGRESSIVE;
				CLANG_CXX_LANGUAGE_STANDARD = "gnu++14";
				CLANG_CXX_LIBRARY = "libc++";
				CLANG_ENABLE_MODULES = YES;
				CLANG_ENABLE_OBJC_ARC = YES;
				CLANG_ENABLE_OBJC_WEAK = YES;
				CLANG_WARN_BLOCK_CAPTURE_AUTORELEASING = YES;
				CLANG_WARN_BOOL_CONVERSION = YES;
				CLANG_WARN_COMMA = YES;
				CLANG_WARN_CONSTANT_CONVERSION = YES;
				CLANG_WARN_DEPRECATED_OBJC_IMPLEMENTATIONS = YES;
				CLANG_WARN_DIRECT_OBJC_ISA_USAGE = YES_ERROR;
				CLANG_WARN_DOCUMENTATION_COMMENTS = YES;
				CLANG_WARN_EMPTY_BODY = YES;
				CLANG_WARN_ENUM_CONVERSION = YES;
				CLANG_WARN_INFINITE_RECURSION = YES;
				CLANG_WARN_INT_CONVERSION = YES;
				CLANG_WARN_NON_LITERAL_NULL_CONVERSION = YES;
				CLANG_WARN_OBJC_IMPLICIT_RETAIN_SELF = YES;
				CLANG_WARN_OBJC_LITERAL_CONVERSION = YES;
				CLANG_WARN_OBJC_ROOT_CLASS = YES_ERROR;
				CLANG_WARN_QUOTED_INCLUDE_IN_FRAMEWORK_HEADER = YES;
				CLANG_WARN_RANGE_LOOP_ANALYSIS = YES;
				CLANG_WARN_STRICT_PROTOTYPES = YES;
				CLANG_WARN_SUSPICIOUS_MOVE = YES;
				CLANG_WARN_UNGUARDED_AVAILABILITY = YES_AGGRESSIVE;
				CLANG_WARN_UNREACHABLE_CODE = YES;
				CLANG_WARN__DUPLICATE_METHOD_MATCH = YES;
				COPY_PHASE_STRIP = NO;
				DEBUG_INFORMATION_FORMAT = "dwarf-with-dsym";
				ENABLE_NS_ASSERTIONS = NO;
				ENABLE_STRICT_OBJC_MSGSEND = YES;
				GCC_C_LANGUAGE_STANDARD = gnu11;
				GCC_NO_COMMON_BLOCKS = YES;
				GCC_WARN_64_TO_32_BIT_CONVERSION = YES;
				GCC_WARN_ABOUT_RETURN_TYPE = YES_ERROR;
				GCC_WARN_UNDECLARED_SELECTOR = YES;
				GCC_WARN_UNINITIALIZED_AUTOS = YES_AGGRESSIVE;
				GCC_WARN_UNUSED_FUNCTION = YES;
				GCC_WARN_UNUSED_VARIABLE = YES;
				IPHONEOS_DEPLOYMENT_TARGET = 14.0;
				MTL_ENABLE_DEBUG_INFO = NO;
				MTL_FAST_MATH = YES;
				SDKROOT = iphoneos;
				SWIFT_COMPILATION_MODE = wholemodule;
				SWIFT_OPTIMIZATION_LEVEL = "-O";
				VALIDATE_PRODUCT = YES;
			};
			name = Release;
		};
		8E59163725336A5D00651C6F /* Debug */ = {
			isa = XCBuildConfiguration;
			buildSettings = {
				ASSETCATALOG_COMPILER_APPICON_NAME = AppIcon;
				ASSETCATALOG_COMPILER_GLOBAL_ACCENT_COLOR_NAME = AccentColor;
				CODE_SIGN_STYLE = Automatic;
				DEVELOPMENT_ASSET_PATHS = "\"Stima/Preview Content\"";
				DEVELOPMENT_TEAM = GM375A4SLS;
				ENABLE_PREVIEWS = YES;
				INFOPLIST_FILE = Stima/Info.plist;
				IPHONEOS_DEPLOYMENT_TARGET = 14.0;
				LD_RUNPATH_SEARCH_PATHS = (
					"$(inherited)",
					"@executable_path/Frameworks",
				);
				PRODUCT_BUNDLE_IDENTIFIER = SwiftToreman.Stima;
				PRODUCT_NAME = "$(TARGET_NAME)";
				SWIFT_VERSION = 5.0;
				TARGETED_DEVICE_FAMILY = "1,2";
			};
			name = Debug;
		};
		8E59163825336A5D00651C6F /* Release */ = {
			isa = XCBuildConfiguration;
			buildSettings = {
				ASSETCATALOG_COMPILER_APPICON_NAME = AppIcon;
				ASSETCATALOG_COMPILER_GLOBAL_ACCENT_COLOR_NAME = AccentColor;
				CODE_SIGN_STYLE = Automatic;
				DEVELOPMENT_ASSET_PATHS = "\"Stima/Preview Content\"";
				DEVELOPMENT_TEAM = GM375A4SLS;
				ENABLE_PREVIEWS = YES;
				INFOPLIST_FILE = Stima/Info.plist;
				IPHONEOS_DEPLOYMENT_TARGET = 14.0;
				LD_RUNPATH_SEARCH_PATHS = (
					"$(inherited)",
					"@executable_path/Frameworks",
				);
				PRODUCT_BUNDLE_IDENTIFIER = SwiftToreman.Stima;
				PRODUCT_NAME = "$(TARGET_NAME)";
				SWIFT_VERSION = 5.0;
				TARGETED_DEVICE_FAMILY = "1,2";
			};
			name = Release;
		};
		8E59163A25336A5D00651C6F /* Debug */ = {
			isa = XCBuildConfiguration;
			buildSettings = {
				ALWAYS_EMBED_SWIFT_STANDARD_LIBRARIES = YES;
				BUNDLE_LOADER = "$(TEST_HOST)";
				CODE_SIGN_STYLE = Automatic;
				DEVELOPMENT_TEAM = GM375A4SLS;
				INFOPLIST_FILE = StimaTests/Info.plist;
				IPHONEOS_DEPLOYMENT_TARGET = 14.0;
				LD_RUNPATH_SEARCH_PATHS = (
					"$(inherited)",
					"@executable_path/Frameworks",
					"@loader_path/Frameworks",
				);
				PRODUCT_BUNDLE_IDENTIFIER = SwiftToreman.StimaTests;
				PRODUCT_NAME = "$(TARGET_NAME)";
				SWIFT_VERSION = 5.0;
				TARGETED_DEVICE_FAMILY = "1,2";
				TEST_HOST = "$(BUILT_PRODUCTS_DIR)/Stima.app/Stima";
			};
			name = Debug;
		};
		8E59163B25336A5D00651C6F /* Release */ = {
			isa = XCBuildConfiguration;
			buildSettings = {
				ALWAYS_EMBED_SWIFT_STANDARD_LIBRARIES = YES;
				BUNDLE_LOADER = "$(TEST_HOST)";
				CODE_SIGN_STYLE = Automatic;
				DEVELOPMENT_TEAM = GM375A4SLS;
				INFOPLIST_FILE = StimaTests/Info.plist;
				IPHONEOS_DEPLOYMENT_TARGET = 14.0;
				LD_RUNPATH_SEARCH_PATHS = (
					"$(inherited)",
					"@executable_path/Frameworks",
					"@loader_path/Frameworks",
				);
				PRODUCT_BUNDLE_IDENTIFIER = SwiftToreman.StimaTests;
				PRODUCT_NAME = "$(TARGET_NAME)";
				SWIFT_VERSION = 5.0;
				TARGETED_DEVICE_FAMILY = "1,2";
				TEST_HOST = "$(BUILT_PRODUCTS_DIR)/Stima.app/Stima";
			};
			name = Release;
		};
		8E59163D25336A5D00651C6F /* Debug */ = {
			isa = XCBuildConfiguration;
			buildSettings = {
				ALWAYS_EMBED_SWIFT_STANDARD_LIBRARIES = YES;
				CODE_SIGN_STYLE = Automatic;
				DEVELOPMENT_TEAM = GM375A4SLS;
				INFOPLIST_FILE = StimaUITests/Info.plist;
				LD_RUNPATH_SEARCH_PATHS = (
					"$(inherited)",
					"@executable_path/Frameworks",
					"@loader_path/Frameworks",
				);
				PRODUCT_BUNDLE_IDENTIFIER = SwiftToreman.StimaUITests;
				PRODUCT_NAME = "$(TARGET_NAME)";
				SWIFT_VERSION = 5.0;
				TARGETED_DEVICE_FAMILY = "1,2";
				TEST_TARGET_NAME = Stima;
			};
			name = Debug;
		};
		8E59163E25336A5D00651C6F /* Release */ = {
			isa = XCBuildConfiguration;
			buildSettings = {
				ALWAYS_EMBED_SWIFT_STANDARD_LIBRARIES = YES;
				CODE_SIGN_STYLE = Automatic;
				DEVELOPMENT_TEAM = GM375A4SLS;
				INFOPLIST_FILE = StimaUITests/Info.plist;
				LD_RUNPATH_SEARCH_PATHS = (
					"$(inherited)",
					"@executable_path/Frameworks",
					"@loader_path/Frameworks",
				);
				PRODUCT_BUNDLE_IDENTIFIER = SwiftToreman.StimaUITests;
				PRODUCT_NAME = "$(TARGET_NAME)";
				SWIFT_VERSION = 5.0;
				TARGETED_DEVICE_FAMILY = "1,2";
				TEST_TARGET_NAME = Stima;
			};
			name = Release;
		};
/* End XCBuildConfiguration section */

/* Begin XCConfigurationList section */
		8E59160C25336A5900651C6F /* Build configuration list for PBXProject "Stima" */ = {
			isa = XCConfigurationList;
			buildConfigurations = (
				8E59163425336A5D00651C6F /* Debug */,
				8E59163525336A5D00651C6F /* Release */,
			);
			defaultConfigurationIsVisible = 0;
			defaultConfigurationName = Release;
		};
		8E59163625336A5D00651C6F /* Build configuration list for PBXNativeTarget "Stima" */ = {
			isa = XCConfigurationList;
			buildConfigurations = (
				8E59163725336A5D00651C6F /* Debug */,
				8E59163825336A5D00651C6F /* Release */,
			);
			defaultConfigurationIsVisible = 0;
			defaultConfigurationName = Release;
		};
		8E59163925336A5D00651C6F /* Build configuration list for PBXNativeTarget "StimaTests" */ = {
			isa = XCConfigurationList;
			buildConfigurations = (
				8E59163A25336A5D00651C6F /* Debug */,
				8E59163B25336A5D00651C6F /* Release */,
			);
			defaultConfigurationIsVisible = 0;
			defaultConfigurationName = Release;
		};
		8E59163C25336A5D00651C6F /* Build configuration list for PBXNativeTarget "StimaUITests" */ = {
			isa = XCConfigurationList;
			buildConfigurations = (
				8E59163D25336A5D00651C6F /* Debug */,
				8E59163E25336A5D00651C6F /* Release */,
			);
			defaultConfigurationIsVisible = 0;
			defaultConfigurationName = Release;
		};
/* End XCConfigurationList section */
	};
	rootObject = 8E59160925336A5900651C6F /* Project object */;
}
